
Microsoft Visual Studio Solution File, Format Version 12.00
# Visual Studio 2012
Project("{8BC9CEB8-8B4A-11D0-8D11-00A0C91BC942}") = "jyoti", "jyoti\jyoti.vcxproj", "{5A71C0F7-8B7D-4E2D-BEBD-44CC4783ACA6}"
EndProject
Project("{8BC9CEB8-8B4A-11D0-8D11-00A0C91BC942}") = "jyoti-test", "jyoti-test\jyoti-test.vcxproj", "{75C9BF9B-341A-4C7E-8471-77B702BE378C}"
	ProjectSection(ProjectDependencies) = postProject
		{5A71C0F7-8B7D-4E2D-BEBD-44CC4783ACA6} = {5A71C0F7-8B7D-4E2D-BEBD-44CC4783ACA6}
	EndProjectSection
EndProject
Global
	GlobalSection(SolutionConfigurationPlatforms) = preSolution
		Debug|Win32 = Debug|Win32
		Release|Win32 = Release|Win32
	EndGlobalSection
	GlobalSection(ProjectConfigurationPlatforms) = postSolution
		{5A71C0F7-8B7D-4E2D-BEBD-44CC4783ACA6}.Debug|Win32.ActiveCfg = Debug|Win32
		{5A71C0F7-8B7D-4E2D-BEBD-44CC4783ACA6}.Debug|Win32.Build.0 = Debug|Win32
		{5A71C0F7-8B7D-4E2D-BEBD-44CC4783ACA6}.Release|Win32.ActiveCfg = Release|Win32
		{5A71C0F7-8B7D-4E2D-BEBD-44CC4783ACA6}.Release|Win32.Build.0 = Release|Win32
		{75C9BF9B-341A-4C7E-8471-77B702BE378C}.Debug|Win32.ActiveCfg = Debug|Win32
		{75C9BF9B-341A-4C7E-8471-77B702BE378C}.Debug|Win32.Build.0 = Debug|Win32
		{75C9BF9B-341A-4C7E-8471-77B702BE378C}.Release|Win32.ActiveCfg = Release|Win32
		{75C9BF9B-341A-4C7E-8471-77B702BE378C}.Release|Win32.Build.0 = Release|Win32
	EndGlobalSection
	GlobalSection(SolutionProperties) = preSolution
		HideSolutionNode = FALSE
	EndGlobalSection
EndGlobal
